
Microsoft Visual Studio Solution File, Format Version 12.00
# Visual Studio Version 16
VisualStudioVersion = 16.0.28803.202
MinimumVisualStudioVersion = 10.0.40219.1
Project("{FAE04EC0-301F-11D3-BF4B-00C04F79EFBC}") = "manageHub", "manageHub\manageHub.csproj", "{6F0DE47F-8E07-4453-9B4E-F47CE2F07B4E}"
EndProject
Global
	GlobalSection(SolutionConfigurationPlatforms) = preSolution
		Debug|Any CPU = Debug|Any CPU
		Release|Any CPU = Release|Any CPU
	EndGlobalSection
	GlobalSection(ProjectConfigurationPlatforms) = postSolution
		{6F0DE47F-8E07-4453-9B4E-F47CE2F07B4E}.Debug|Any CPU.ActiveCfg = Debug|Any CPU
		{6F0DE47F-8E07-4453-9B4E-F47CE2F07B4E}.Debug|Any CPU.Build.0 = Debug|Any CPU
		{6F0DE47F-8E07-4453-9B4E-F47CE2F07B4E}.Release|Any CPU.ActiveCfg = Release|Any CPU
		{6F0DE47F-8E07-4453-9B4E-F47CE2F07B4E}.Release|Any CPU.Build.0 = Release|Any CPU
	EndGlobalSection
	GlobalSection(SolutionProperties) = preSolution
		HideSolutionNode = FALSE
	EndGlobalSection
	GlobalSection(ExtensibilityGlobals) = postSolution
		SolutionGuid = {84E5F57D-822A-49BA-A3B3-F9018807A4C8}
	EndGlobalSection
EndGlobal
